
Microsoft Visual Studio Solution File, Format Version 12.00
# Visual Studio Version 17
VisualStudioVersion = 17.8.34330.188
MinimumVisualStudioVersion = 10.0.40219.1
Project("{FAE04EC0-301F-11D3-BF4B-00C04F79EFBC}") = "ChallengeApp", "ChallengeApp\ChallengeApp.csproj", "{5DEDE123-7655-4018-A477-3B44E9C9DC10}"
EndProject
Global
	GlobalSection(SolutionConfigurationPlatforms) = preSolution
		Debug|Any CPU = Debug|Any CPU
		Release|Any CPU = Release|Any CPU
	EndGlobalSection
	GlobalSection(ProjectConfigurationPlatforms) = postSolution
		{5DEDE123-7655-4018-A477-3B44E9C9DC10}.Debug|Any CPU.ActiveCfg = Debug|Any CPU
		{5DEDE123-7655-4018-A477-3B44E9C9DC10}.Debug|Any CPU.Build.0 = Debug|Any CPU
		{5DEDE123-7655-4018-A477-3B44E9C9DC10}.Release|Any CPU.ActiveCfg = Release|Any CPU
		{5DEDE123-7655-4018-A477-3B44E9C9DC10}.Release|Any CPU.Build.0 = Release|Any CPU
	EndGlobalSection
	GlobalSection(SolutionProperties) = preSolution
		HideSolutionNode = FALSE
	EndGlobalSection
	GlobalSection(ExtensibilityGlobals) = postSolution
		SolutionGuid = {4940E9B6-8192-411B-9B58-4B0582133045}
	EndGlobalSection
EndGlobal
